// !$*UTF8*$!
{
	archiveVersion = 1;
	classes = {
	};
	objectVersion = 46;
	objects = {

/* Begin PBXBuildFile section */
		F12401D1172868920010137E /* deiving-exceptions.png in Resources */ = {isa = PBXBuildFile; fileRef = F12401D0172868920010137E /* deiving-exceptions.png */; };
		F12401D31728697A0010137E /* eyes-on-prize.png in Resources */ = {isa = PBXBuildFile; fileRef = F12401D21728697A0010137E /* eyes-on-prize.png */; };
		F12401D917287E410010137E /* caricon57.png in Resources */ = {isa = PBXBuildFile; fileRef = F12401D817287E410010137E /* caricon57.png */; };
		F12401DB17287E8A0010137E /* icon114.png in Resources */ = {isa = PBXBuildFile; fileRef = F12401DA17287E8A0010137E /* icon114.png */; };
		F1311536171959080070A60A /* Social.framework in Frameworks */ = {isa = PBXBuildFile; fileRef = F1311535171959080070A60A /* Social.framework */; };
		F13115381719641B0070A60A /* horngoby.wav in Resources */ = {isa = PBXBuildFile; fileRef = F13115371719641B0070A60A /* horngoby.wav */; };
		F131153A1719642E0070A60A /* tirespin.wav in Resources */ = {isa = PBXBuildFile; fileRef = F13115391719642E0070A60A /* tirespin.wav */; };
		F131153C17198B8E0070A60A /* CoreLocation.framework in Frameworks */ = {isa = PBXBuildFile; fileRef = F131153B17198B8E0070A60A /* CoreLocation.framework */; };
		F131154217213F840070A60A /* Exception.m in Sources */ = {isa = PBXBuildFile; fileRef = F131154117213F840070A60A /* Exception.m */; };
		F13115451725A7EF0070A60A /* RankViewController.m in Sources */ = {isa = PBXBuildFile; fileRef = F13115441725A7EF0070A60A /* RankViewController.m */; };
		F13115471726FA1C0070A60A /* AudioToolbox.framework in Frameworks */ = {isa = PBXBuildFile; fileRef = F13115461726FA1C0070A60A /* AudioToolbox.framework */; };
		F131154F172722050070A60A /* icon-facebook.jpg in Resources */ = {isa = PBXBuildFile; fileRef = F131154E172722050070A60A /* icon-facebook.jpg */; };
		F1311551172722E40070A60A /* twitter_icon.png in Resources */ = {isa = PBXBuildFile; fileRef = F1311550172722E40070A60A /* twitter_icon.png */; };
		F13115531727284F0070A60A /* start.png in Resources */ = {isa = PBXBuildFile; fileRef = F13115521727284F0070A60A /* start.png */; };
		F1311555172729EF0070A60A /* stop.png in Resources */ = {isa = PBXBuildFile; fileRef = F1311554172729EF0070A60A /* stop.png */; };
		F131155917272BEF0070A60A /* hows-my-driving.png in Resources */ = {isa = PBXBuildFile; fileRef = F131155817272BEF0070A60A /* hows-my-driving.png */; };
		F131155B17272F430070A60A /* show-rank.png in Resources */ = {isa = PBXBuildFile; fileRef = F131155A17272F430070A60A /* show-rank.png */; };
		F131155D17272F490070A60A /* start-again.png in Resources */ = {isa = PBXBuildFile; fileRef = F131155C17272F490070A60A /* start-again.png */; };
		F16F2C1D16B6CAF7006BDAE2 /* UIKit.framework in Frameworks */ = {isa = PBXBuildFile; fileRef = F16F2C1C16B6CAF7006BDAE2 /* UIKit.framework */; };
		F16F2C1F16B6CAF7006BDAE2 /* Foundation.framework in Frameworks */ = {isa = PBXBuildFile; fileRef = F16F2C1E16B6CAF7006BDAE2 /* Foundation.framework */; };
		F16F2C2116B6CAF7006BDAE2 /* CoreGraphics.framework in Frameworks */ = {isa = PBXBuildFile; fileRef = F16F2C2016B6CAF7006BDAE2 /* CoreGraphics.framework */; };
		F16F2C2716B6CAF7006BDAE2 /* InfoPlist.strings in Resources */ = {isa = PBXBuildFile; fileRef = F16F2C2516B6CAF7006BDAE2 /* InfoPlist.strings */; };
		F16F2C2916B6CAF7006BDAE2 /* main.m in Sources */ = {isa = PBXBuildFile; fileRef = F16F2C2816B6CAF7006BDAE2 /* main.m */; };
		F16F2C2D16B6CAF7006BDAE2 /* AppDelegate.m in Sources */ = {isa = PBXBuildFile; fileRef = F16F2C2C16B6CAF7006BDAE2 /* AppDelegate.m */; };
		F16F2C2F16B6CAF7006BDAE2 /* Default.png in Resources */ = {isa = PBXBuildFile; fileRef = F16F2C2E16B6CAF7006BDAE2 /* Default.png */; };
		F16F2C3116B6CAF7006BDAE2 /* Default@2x.png in Resources */ = {isa = PBXBuildFile; fileRef = F16F2C3016B6CAF7006BDAE2 /* Default@2x.png */; };
		F16F2C3316B6CAF7006BDAE2 /* Default-568h@2x.png in Resources */ = {isa = PBXBuildFile; fileRef = F16F2C3216B6CAF7006BDAE2 /* Default-568h@2x.png */; };
		F16F2C3616B6CAF7006BDAE2 /* MainStoryboard.storyboard in Resources */ = {isa = PBXBuildFile; fileRef = F16F2C3416B6CAF7006BDAE2 /* MainStoryboard.storyboard */; };
		F16F2C3916B6CAF7006BDAE2 /* ViewController.m in Sources */ = {isa = PBXBuildFile; fileRef = F16F2C3816B6CAF7006BDAE2 /* ViewController.m */; };
		F16F2C4716B6EB28006BDAE2 /* DrivingViewController.m in Sources */ = {isa = PBXBuildFile; fileRef = F16F2C4616B6EB28006BDAE2 /* DrivingViewController.m */; };
		F16F2C4A16B6EB46006BDAE2 /* ResultsViewController.m in Sources */ = {isa = PBXBuildFile; fileRef = F16F2C4916B6EB46006BDAE2 /* ResultsViewController.m */; };
		F16F2C7D16B8190D006BDAE2 /* Road1.png in Resources */ = {isa = PBXBuildFile; fileRef = F16F2C7916B8190D006BDAE2 /* Road1.png */; };
		F16F2C7E16B8190D006BDAE2 /* Road2.png in Resources */ = {isa = PBXBuildFile; fileRef = F16F2C7A16B8190D006BDAE2 /* Road2.png */; };
		F16F2C7F16B8190D006BDAE2 /* Road3.png in Resources */ = {isa = PBXBuildFile; fileRef = F16F2C7B16B8190D006BDAE2 /* Road3.png */; };
		F16F2C8016B8190D006BDAE2 /* Road4.png in Resources */ = {isa = PBXBuildFile; fileRef = F16F2C7C16B8190D006BDAE2 /* Road4.png */; };
/* End PBXBuildFile section */

/* Begin PBXFileReference section */
		F12401D0172868920010137E /* deiving-exceptions.png */ = {isa = PBXFileReference; lastKnownFileType = image.png; path = "deiving-exceptions.png"; sourceTree = "<group>"; };
		F12401D21728697A0010137E /* eyes-on-prize.png */ = {isa = PBXFileReference; lastKnownFileType = image.png; path = "eyes-on-prize.png"; sourceTree = "<group>"; };
		F12401D817287E410010137E /* caricon57.png */ = {isa = PBXFileReference; lastKnownFileType = image.png; name = caricon57.png; path = ../caricon57.png; sourceTree = "<group>"; };
		F12401DA17287E8A0010137E /* icon114.png */ = {isa = PBXFileReference; lastKnownFileType = image.png; name = icon114.png; path = ../icon114.png; sourceTree = "<group>"; };
		F1311535171959080070A60A /* Social.framework */ = {isa = PBXFileReference; lastKnownFileType = wrapper.framework; name = Social.framework; path = System/Library/Frameworks/Social.framework; sourceTree = SDKROOT; };
		F13115371719641B0070A60A /* horngoby.wav */ = {isa = PBXFileReference; lastKnownFileType = audio.wav; path = horngoby.wav; sourceTree = "<group>"; };
		F13115391719642E0070A60A /* tirespin.wav */ = {isa = PBXFileReference; lastKnownFileType = audio.wav; path = tirespin.wav; sourceTree = "<group>"; };
		F131153B17198B8E0070A60A /* CoreLocation.framework */ = {isa = PBXFileReference; lastKnownFileType = wrapper.framework; name = CoreLocation.framework; path = System/Library/Frameworks/CoreLocation.framework; sourceTree = SDKROOT; };
		F131154017213F830070A60A /* Exception.h */ = {isa = PBXFileReference; fileEncoding = 4; lastKnownFileType = sourcecode.c.h; path = Exception.h; sourceTree = "<group>"; };
		F131154117213F840070A60A /* Exception.m */ = {isa = PBXFileReference; fileEncoding = 4; lastKnownFileType = sourcecode.c.objc; path = Exception.m; sourceTree = "<group>"; };
		F13115431725A7EF0070A60A /* RankViewController.h */ = {isa = PBXFileReference; fileEncoding = 4; lastKnownFileType = sourcecode.c.h; name = RankViewController.h; path = ../RankViewController.h; sourceTree = "<group>"; };
		F13115441725A7EF0070A60A /* RankViewController.m */ = {isa = PBXFileReference; fileEncoding = 4; lastKnownFileType = sourcecode.c.objc; name = RankViewController.m; path = ../RankViewController.m; sourceTree = "<group>"; };
		F13115461726FA1C0070A60A /* AudioToolbox.framework */ = {isa = PBXFileReference; lastKnownFileType = wrapper.framework; name = AudioToolbox.framework; path = System/Library/Frameworks/AudioToolbox.framework; sourceTree = SDKROOT; };
		F131154E172722050070A60A /* icon-facebook.jpg */ = {isa = PBXFileReference; lastKnownFileType = image.jpeg; path = "icon-facebook.jpg"; sourceTree = "<group>"; };
		F1311550172722E40070A60A /* twitter_icon.png */ = {isa = PBXFileReference; lastKnownFileType = image.png; path = twitter_icon.png; sourceTree = "<group>"; };
		F13115521727284F0070A60A /* start.png */ = {isa = PBXFileReference; lastKnownFileType = image.png; path = start.png; sourceTree = "<group>"; };
		F1311554172729EF0070A60A /* stop.png */ = {isa = PBXFileReference; lastKnownFileType = image.png; path = stop.png; sourceTree = "<group>"; };
		F131155817272BEF0070A60A /* hows-my-driving.png */ = {isa = PBXFileReference; lastKnownFileType = image.png; path = "hows-my-driving.png"; sourceTree = "<group>"; };
		F131155A17272F430070A60A /* show-rank.png */ = {isa = PBXFileReference; lastKnownFileType = image.png; path = "show-rank.png"; sourceTree = "<group>"; };
		F131155C17272F490070A60A /* start-again.png */ = {isa = PBXFileReference; lastKnownFileType = image.png; path = "start-again.png"; sourceTree = "<group>"; };
		F16F2C1816B6CAF7006BDAE2 /* HowsMyDriving.app */ = {isa = PBXFileReference; explicitFileType = wrapper.application; includeInIndex = 0; path = HowsMyDriving.app; sourceTree = BUILT_PRODUCTS_DIR; };
		F16F2C1C16B6CAF7006BDAE2 /* UIKit.framework */ = {isa = PBXFileReference; lastKnownFileType = wrapper.framework; name = UIKit.framework; path = System/Library/Frameworks/UIKit.framework; sourceTree = SDKROOT; };
		F16F2C1E16B6CAF7006BDAE2 /* Foundation.framework */ = {isa = PBXFileReference; lastKnownFileType = wrapper.framework; name = Foundation.framework; path = System/Library/Frameworks/Foundation.framework; sourceTree = SDKROOT; };
		F16F2C2016B6CAF7006BDAE2 /* CoreGraphics.framework */ = {isa = PBXFileReference; lastKnownFileType = wrapper.framework; name = CoreGraphics.framework; path = System/Library/Frameworks/CoreGraphics.framework; sourceTree = SDKROOT; };
		F16F2C2416B6CAF7006BDAE2 /* HowsMyDriving-Info.plist */ = {isa = PBXFileReference; lastKnownFileType = text.plist.xml; path = "HowsMyDriving-Info.plist"; sourceTree = "<group>"; };
		F16F2C2616B6CAF7006BDAE2 /* en */ = {isa = PBXFileReference; lastKnownFileType = text.plist.strings; name = en; path = en.lproj/InfoPlist.strings; sourceTree = "<group>"; };
		F16F2C2816B6CAF7006BDAE2 /* main.m */ = {isa = PBXFileReference; lastKnownFileType = sourcecode.c.objc; path = main.m; sourceTree = "<group>"; };
		F16F2C2A16B6CAF7006BDAE2 /* HowsMyDriving-Prefix.pch */ = {isa = PBXFileReference; lastKnownFileType = sourcecode.c.h; path = "HowsMyDriving-Prefix.pch"; sourceTree = "<group>"; };
		F16F2C2B16B6CAF7006BDAE2 /* AppDelegate.h */ = {isa = PBXFileReference; lastKnownFileType = sourcecode.c.h; path = AppDelegate.h; sourceTree = "<group>"; };
		F16F2C2C16B6CAF7006BDAE2 /* AppDelegate.m */ = {isa = PBXFileReference; lastKnownFileType = sourcecode.c.objc; path = AppDelegate.m; sourceTree = "<group>"; };
		F16F2C2E16B6CAF7006BDAE2 /* Default.png */ = {isa = PBXFileReference; lastKnownFileType = image.png; path = Default.png; sourceTree = "<group>"; };
		F16F2C3016B6CAF7006BDAE2 /* Default@2x.png */ = {isa = PBXFileReference; lastKnownFileType = image.png; path = "Default@2x.png"; sourceTree = "<group>"; };
		F16F2C3216B6CAF7006BDAE2 /* Default-568h@2x.png */ = {isa = PBXFileReference; lastKnownFileType = image.png; path = "Default-568h@2x.png"; sourceTree = "<group>"; };
		F16F2C3516B6CAF7006BDAE2 /* en */ = {isa = PBXFileReference; lastKnownFileType = file.storyboard; name = en; path = en.lproj/MainStoryboard.storyboard; sourceTree = "<group>"; };
		F16F2C3716B6CAF7006BDAE2 /* ViewController.h */ = {isa = PBXFileReference; lastKnownFileType = sourcecode.c.h; path = ViewController.h; sourceTree = "<group>"; };
		F16F2C3816B6CAF7006BDAE2 /* ViewController.m */ = {isa = PBXFileReference; lastKnownFileType = sourcecode.c.objc; path = ViewController.m; sourceTree = "<group>"; };
		F16F2C4516B6EB28006BDAE2 /* DrivingViewController.h */ = {isa = PBXFileReference; fileEncoding = 4; lastKnownFileType = sourcecode.c.h; name = DrivingViewController.h; path = ../DrivingViewController.h; sourceTree = "<group>"; };
		F16F2C4616B6EB28006BDAE2 /* DrivingViewController.m */ = {isa = PBXFileReference; fileEncoding = 4; lastKnownFileType = sourcecode.c.objc; name = DrivingViewController.m; path = ../DrivingViewController.m; sourceTree = "<group>"; };
		F16F2C4816B6EB46006BDAE2 /* ResultsViewController.h */ = {isa = PBXFileReference; fileEncoding = 4; lastKnownFileType = sourcecode.c.h; name = ResultsViewController.h; path = ../ResultsViewController.h; sourceTree = "<group>"; };
		F16F2C4916B6EB46006BDAE2 /* ResultsViewController.m */ = {isa = PBXFileReference; fileEncoding = 4; lastKnownFileType = sourcecode.c.objc; name = ResultsViewController.m; path = ../ResultsViewController.m; sourceTree = "<group>"; };
		F16F2C7916B8190D006BDAE2 /* Road1.png */ = {isa = PBXFileReference; lastKnownFileType = image.png; path = Road1.png; sourceTree = "<group>"; };
		F16F2C7A16B8190D006BDAE2 /* Road2.png */ = {isa = PBXFileReference; lastKnownFileType = image.png; path = Road2.png; sourceTree = "<group>"; };
		F16F2C7B16B8190D006BDAE2 /* Road3.png */ = {isa = PBXFileReference; lastKnownFileType = image.png; path = Road3.png; sourceTree = "<group>"; };
		F16F2C7C16B8190D006BDAE2 /* Road4.png */ = {isa = PBXFileReference; lastKnownFileType = image.png; path = Road4.png; sourceTree = "<group>"; };
/* End PBXFileReference section */

/* Begin PBXFrameworksBuildPhase section */
		F16F2C1516B6CAF7006BDAE2 /* Frameworks */ = {
			isa = PBXFrameworksBuildPhase;
			buildActionMask = 2147483647;
			files = (
				F13115471726FA1C0070A60A /* AudioToolbox.framework in Frameworks */,
				F131153C17198B8E0070A60A /* CoreLocation.framework in Frameworks */,
				F1311536171959080070A60A /* Social.framework in Frameworks */,
				F16F2C1D16B6CAF7006BDAE2 /* UIKit.framework in Frameworks */,
				F16F2C1F16B6CAF7006BDAE2 /* Foundation.framework in Frameworks */,
				F16F2C2116B6CAF7006BDAE2 /* CoreGraphics.framework in Frameworks */,
			);
			runOnlyForDeploymentPostprocessing = 0;
		};
/* End PBXFrameworksBuildPhase section */

/* Begin PBXGroup section */
		F16F2C0D16B6CAF6006BDAE2 = {
			isa = PBXGroup;
			children = (
				F131154017213F830070A60A /* Exception.h */,
				F131154117213F840070A60A /* Exception.m */,
				F16F2C2216B6CAF7006BDAE2 /* HowsMyDriving */,
				F16F2C1B16B6CAF7006BDAE2 /* Frameworks */,
				F16F2C1916B6CAF7006BDAE2 /* Products */,
			);
			sourceTree = "<group>";
		};
		F16F2C1916B6CAF7006BDAE2 /* Products */ = {
			isa = PBXGroup;
			children = (
				F16F2C1816B6CAF7006BDAE2 /* HowsMyDriving.app */,
			);
			name = Products;
			sourceTree = "<group>";
		};
		F16F2C1B16B6CAF7006BDAE2 /* Frameworks */ = {
			isa = PBXGroup;
			children = (
				F13115461726FA1C0070A60A /* AudioToolbox.framework */,
				F131153B17198B8E0070A60A /* CoreLocation.framework */,
				F1311535171959080070A60A /* Social.framework */,
				F16F2C1C16B6CAF7006BDAE2 /* UIKit.framework */,
				F16F2C1E16B6CAF7006BDAE2 /* Foundation.framework */,
				F16F2C2016B6CAF7006BDAE2 /* CoreGraphics.framework */,
			);
			name = Frameworks;
			sourceTree = "<group>";
		};
		F16F2C2216B6CAF7006BDAE2 /* HowsMyDriving */ = {
			isa = PBXGroup;
			children = (
				F13115431725A7EF0070A60A /* RankViewController.h */,
				F13115441725A7EF0070A60A /* RankViewController.m */,
				F16F2C4816B6EB46006BDAE2 /* ResultsViewController.h */,
				F16F2C4916B6EB46006BDAE2 /* ResultsViewController.m */,
				F16F2C4516B6EB28006BDAE2 /* DrivingViewController.h */,
				F16F2C4616B6EB28006BDAE2 /* DrivingViewController.m */,
				F16F2C2B16B6CAF7006BDAE2 /* AppDelegate.h */,
				F16F2C2C16B6CAF7006BDAE2 /* AppDelegate.m */,
				F16F2C3416B6CAF7006BDAE2 /* MainStoryboard.storyboard */,
				F16F2C3716B6CAF7006BDAE2 /* ViewController.h */,
				F16F2C3816B6CAF7006BDAE2 /* ViewController.m */,
				F16F2C2316B6CAF7006BDAE2 /* Supporting Files */,
			);
			path = HowsMyDriving;
			sourceTree = "<group>";
		};
		F16F2C2316B6CAF7006BDAE2 /* Supporting Files */ = {
			isa = PBXGroup;
			children = (
				F12401DA17287E8A0010137E /* icon114.png */,
				F12401D817287E410010137E /* caricon57.png */,
				F12401D21728697A0010137E /* eyes-on-prize.png */,
				F12401D0172868920010137E /* deiving-exceptions.png */,
				F131155817272BEF0070A60A /* hows-my-driving.png */,
				F131155C17272F490070A60A /* start-again.png */,
				F131155A17272F430070A60A /* show-rank.png */,
				F1311554172729EF0070A60A /* stop.png */,
				F13115521727284F0070A60A /* start.png */,
				F1311550172722E40070A60A /* twitter_icon.png */,
				F131154E172722050070A60A /* icon-facebook.jpg */,
				F13115391719642E0070A60A /* tirespin.wav */,
				F13115371719641B0070A60A /* horngoby.wav */,
				F16F2C7916B8190D006BDAE2 /* Road1.png */,
				F16F2C7A16B8190D006BDAE2 /* Road2.png */,
				F16F2C7B16B8190D006BDAE2 /* Road3.png */,
				F16F2C7C16B8190D006BDAE2 /* Road4.png */,
				F16F2C2416B6CAF7006BDAE2 /* HowsMyDriving-Info.plist */,
				F16F2C2516B6CAF7006BDAE2 /* InfoPlist.strings */,
				F16F2C2816B6CAF7006BDAE2 /* main.m */,
				F16F2C2A16B6CAF7006BDAE2 /* HowsMyDriving-Prefix.pch */,
				F16F2C2E16B6CAF7006BDAE2 /* Default.png */,
				F16F2C3016B6CAF7006BDAE2 /* Default@2x.png */,
				F16F2C3216B6CAF7006BDAE2 /* Default-568h@2x.png */,
			);
			name = "Supporting Files";
			sourceTree = "<group>";
		};
/* End PBXGroup section */

/* Begin PBXNativeTarget section */
		F16F2C1716B6CAF7006BDAE2 /* HowsMyDriving */ = {
			isa = PBXNativeTarget;
			buildConfigurationList = F16F2C3C16B6CAF7006BDAE2 /* Build configuration list for PBXNativeTarget "HowsMyDriving" */;
			buildPhases = (
				F16F2C1416B6CAF7006BDAE2 /* Sources */,
				F16F2C1516B6CAF7006BDAE2 /* Frameworks */,
				F16F2C1616B6CAF7006BDAE2 /* Resources */,
			);
			buildRules = (
			);
			dependencies = (
			);
			name = HowsMyDriving;
			productName = HowsMyDriving;
			productReference = F16F2C1816B6CAF7006BDAE2 /* HowsMyDriving.app */;
			productType = "com.apple.product-type.application";
		};
/* End PBXNativeTarget section */

/* Begin PBXProject section */
		F16F2C0F16B6CAF6006BDAE2 /* Project object */ = {
			isa = PBXProject;
			attributes = {
				LastUpgradeCheck = 0450;
				ORGANIZATIONNAME = "Ruaidhri Hallinan";
			};
			buildConfigurationList = F16F2C1216B6CAF6006BDAE2 /* Build configuration list for PBXProject "HowsMyDriving" */;
			compatibilityVersion = "Xcode 3.2";
			developmentRegion = English;
			hasScannedForEncodings = 0;
			knownRegions = (
				en,
			);
			mainGroup = F16F2C0D16B6CAF6006BDAE2;
			productRefGroup = F16F2C1916B6CAF7006BDAE2 /* Products */;
			projectDirPath = "";
			projectRoot = "";
			targets = (
				F16F2C1716B6CAF7006BDAE2 /* HowsMyDriving */,
			);
		};
/* End PBXProject section */

/* Begin PBXResourcesBuildPhase section */
		F16F2C1616B6CAF7006BDAE2 /* Resources */ = {
			isa = PBXResourcesBuildPhase;
			buildActionMask = 2147483647;
			files = (
				F16F2C2716B6CAF7006BDAE2 /* InfoPlist.strings in Resources */,
				F16F2C2F16B6CAF7006BDAE2 /* Default.png in Resources */,
				F16F2C3116B6CAF7006BDAE2 /* Default@2x.png in Resources */,
				F16F2C3316B6CAF7006BDAE2 /* Default-568h@2x.png in Resources */,
				F16F2C3616B6CAF7006BDAE2 /* MainStoryboard.storyboard in Resources */,
				F16F2C7D16B8190D006BDAE2 /* Road1.png in Resources */,
				F16F2C7E16B8190D006BDAE2 /* Road2.png in Resources */,
				F16F2C7F16B8190D006BDAE2 /* Road3.png in Resources */,
				F16F2C8016B8190D006BDAE2 /* Road4.png in Resources */,
				F13115381719641B0070A60A /* horngoby.wav in Resources */,
				F131153A1719642E0070A60A /* tirespin.wav in Resources */,
				F131154F172722050070A60A /* icon-facebook.jpg in Resources */,
				F1311551172722E40070A60A /* twitter_icon.png in Resources */,
				F13115531727284F0070A60A /* start.png in Resources */,
				F1311555172729EF0070A60A /* stop.png in Resources */,
				F131155917272BEF0070A60A /* hows-my-driving.png in Resources */,
				F131155B17272F430070A60A /* show-rank.png in Resources */,
				F131155D17272F490070A60A /* start-again.png in Resources */,
				F12401D1172868920010137E /* deiving-exceptions.png in Resources */,
				F12401D31728697A0010137E /* eyes-on-prize.png in Resources */,
				F12401D917287E410010137E /* caricon57.png in Resources */,
				F12401DB17287E8A0010137E /* icon114.png in Resources */,
			);
			runOnlyForDeploymentPostprocessing = 0;
		};
/* End PBXResourcesBuildPhase section */

/* Begin PBXSourcesBuildPhase section */
		F16F2C1416B6CAF7006BDAE2 /* Sources */ = {
			isa = PBXSourcesBuildPhase;
			buildActionMask = 2147483647;
			files = (
				F16F2C2916B6CAF7006BDAE2 /* main.m in Sources */,
				F16F2C2D16B6CAF7006BDAE2 /* AppDelegate.m in Sources */,
				F16F2C3916B6CAF7006BDAE2 /* ViewController.m in Sources */,
				F16F2C4716B6EB28006BDAE2 /* DrivingViewController.m in Sources */,
				F16F2C4A16B6EB46006BDAE2 /* ResultsViewController.m in Sources */,
				F131154217213F840070A60A /* Exception.m in Sources */,
				F13115451725A7EF0070A60A /* RankViewController.m in Sources */,
			);
			runOnlyForDeploymentPostprocessing = 0;
		};
/* End PBXSourcesBuildPhase section */

/* Begin PBXVariantGroup section */
		F16F2C2516B6CAF7006BDAE2 /* InfoPlist.strings */ = {
			isa = PBXVariantGroup;
			children = (
				F16F2C2616B6CAF7006BDAE2 /* en */,
			);
			name = InfoPlist.strings;
			sourceTree = "<group>";
		};
		F16F2C3416B6CAF7006BDAE2 /* MainStoryboard.storyboard */ = {
			isa = PBXVariantGroup;
			children = (
				F16F2C3516B6CAF7006BDAE2 /* en */,
			);
			name = MainStoryboard.storyboard;
			sourceTree = "<group>";
		};
/* End PBXVariantGroup section */

/* Begin XCBuildConfiguration section */
		F16F2C3A16B6CAF7006BDAE2 /* Debug */ = {
			isa = XCBuildConfiguration;
			buildSettings = {
				ALWAYS_SEARCH_USER_PATHS = NO;
				CLANG_CXX_LANGUAGE_STANDARD = "gnu++0x";
				CLANG_CXX_LIBRARY = "libc++";
				CLANG_WARN_EMPTY_BODY = YES;
				CLANG_WARN__DUPLICATE_METHOD_MATCH = YES;
				"CODE_SIGN_IDENTITY[sdk=iphoneos*]" = "iPhone Developer";
				COPY_PHASE_STRIP = NO;
				GCC_C_LANGUAGE_STANDARD = gnu99;
				GCC_DYNAMIC_NO_PIC = NO;
				GCC_OPTIMIZATION_LEVEL = 0;
				GCC_PREPROCESSOR_DEFINITIONS = (
					"DEBUG=1",
					"$(inherited)",
				);
				GCC_SYMBOLS_PRIVATE_EXTERN = NO;
				GCC_WARN_ABOUT_RETURN_TYPE = YES;
				GCC_WARN_UNINITIALIZED_AUTOS = YES;
				GCC_WARN_UNUSED_VARIABLE = YES;
				IPHONEOS_DEPLOYMENT_TARGET = 6.0;
				ONLY_ACTIVE_ARCH = YES;
				SDKROOT = iphoneos;
			};
			name = Debug;
		};
		F16F2C3B16B6CAF7006BDAE2 /* Release */ = {
			isa = XCBuildConfiguration;
			buildSettings = {
				ALWAYS_SEARCH_USER_PATHS = NO;
				CLANG_CXX_LANGUAGE_STANDARD = "gnu++0x";
				CLANG_CXX_LIBRARY = "libc++";
				CLANG_WARN_EMPTY_BODY = YES;
				CLANG_WARN__DUPLICATE_METHOD_MATCH = YES;
				"CODE_SIGN_IDENTITY[sdk=iphoneos*]" = "iPhone Developer";
				COPY_PHASE_STRIP = YES;
				GCC_C_LANGUAGE_STANDARD = gnu99;
				GCC_WARN_ABOUT_RETURN_TYPE = YES;
				GCC_WARN_UNINITIALIZED_AUTOS = YES;
				GCC_WARN_UNUSED_VARIABLE = YES;
				IPHONEOS_DEPLOYMENT_TARGET = 6.0;
				OTHER_CFLAGS = "-DNS_BLOCK_ASSERTIONS=1";
				SDKROOT = iphoneos;
				VALIDATE_PRODUCT = YES;
			};
			name = Release;
		};
		F16F2C3D16B6CAF7006BDAE2 /* Debug */ = {
			isa = XCBuildConfiguration;
			buildSettings = {
				GCC_PRECOMPILE_PREFIX_HEADER = YES;
				GCC_PREFIX_HEADER = "HowsMyDriving/HowsMyDriving-Prefix.pch";
				INFOPLIST_FILE = "HowsMyDriving/HowsMyDriving-Info.plist";
				PRODUCT_NAME = "$(TARGET_NAME)";
				WRAPPER_EXTENSION = app;
			};
			name = Debug;
		};
		F16F2C3E16B6CAF7006BDAE2 /* Release */ = {
			isa = XCBuildConfiguration;
			buildSettings = {
				GCC_PRECOMPILE_PREFIX_HEADER = YES;
				GCC_PREFIX_HEADER = "HowsMyDriving/HowsMyDriving-Prefix.pch";
				INFOPLIST_FILE = "HowsMyDriving/HowsMyDriving-Info.plist";
				PRODUCT_NAME = "$(TARGET_NAME)";
				WRAPPER_EXTENSION = app;
			};
			name = Release;
		};
/* End XCBuildConfiguration section */

/* Begin XCConfigurationList section */
		F16F2C1216B6CAF6006BDAE2 /* Build configuration list for PBXProject "HowsMyDriving" */ = {
			isa = XCConfigurationList;
			buildConfigurations = (
				F16F2C3A16B6CAF7006BDAE2 /* Debug */,
				F16F2C3B16B6CAF7006BDAE2 /* Release */,
			);
			defaultConfigurationIsVisible = 0;
			defaultConfigurationName = Release;
		};
		F16F2C3C16B6CAF7006BDAE2 /* Build configuration list for PBXNativeTarget "HowsMyDriving" */ = {
			isa = XCConfigurationList;
			buildConfigurations = (
				F16F2C3D16B6CAF7006BDAE2 /* Debug */,
				F16F2C3E16B6CAF7006BDAE2 /* Release */,
			);
			defaultConfigurationIsVisible = 0;
			defaultConfigurationName = Release;
		};
/* End XCConfigurationList section */
	};
	rootObject = F16F2C0F16B6CAF6006BDAE2 /* Project object */;
}
